
Microsoft Visual Studio Solution File, Format Version 12.00
# Visual Studio Version 16
VisualStudioVersion = 16.0.30804.86
MinimumVisualStudioVersion = 10.0.40219.1
Project("{FAE04EC0-301F-11D3-BF4B-00C04F79EFBC}") = "053505_Lepeshko_LAB1", "053505_Lepeshko_LAB1\053505_Lepeshko_LAB1.csproj", "{ABFCECD9-395C-4A22-948E-CA50D4A3D0B9}"
EndProject
Global
	GlobalSection(SolutionConfigurationPlatforms) = preSolution
		Debug|Any CPU = Debug|Any CPU
		Release|Any CPU = Release|Any CPU
	EndGlobalSection
	GlobalSection(ProjectConfigurationPlatforms) = postSolution
		{ABFCECD9-395C-4A22-948E-CA50D4A3D0B9}.Debug|Any CPU.ActiveCfg = Debug|Any CPU
		{ABFCECD9-395C-4A22-948E-CA50D4A3D0B9}.Debug|Any CPU.Build.0 = Debug|Any CPU
		{ABFCECD9-395C-4A22-948E-CA50D4A3D0B9}.Release|Any CPU.ActiveCfg = Release|Any CPU
		{ABFCECD9-395C-4A22-948E-CA50D4A3D0B9}.Release|Any CPU.Build.0 = Release|Any CPU
	EndGlobalSection
	GlobalSection(SolutionProperties) = preSolution
		HideSolutionNode = FALSE
	EndGlobalSection
	GlobalSection(ExtensibilityGlobals) = postSolution
		SolutionGuid = {250C1690-E732-4FBB-A937-9F5832E5CD00}
	EndGlobalSection
EndGlobal
